
Microsoft Visual Studio Solution File, Format Version 12.00
# Visual Studio Version 17
VisualStudioVersion = 17.9.34622.214
MinimumVisualStudioVersion = 10.0.40219.1
Project("{FAE04EC0-301F-11D3-BF4B-00C04F79EFBC}") = "csharp-biblioteca", "csharp-biblioteca\csharp-biblioteca.csproj", "{322E66AF-1786-4DEE-AFC4-C1D0B61D92AE}"
EndProject
Global
	GlobalSection(SolutionConfigurationPlatforms) = preSolution
		Debug|Any CPU = Debug|Any CPU
		Release|Any CPU = Release|Any CPU
	EndGlobalSection
	GlobalSection(ProjectConfigurationPlatforms) = postSolution
		{322E66AF-1786-4DEE-AFC4-C1D0B61D92AE}.Debug|Any CPU.ActiveCfg = Debug|Any CPU
		{322E66AF-1786-4DEE-AFC4-C1D0B61D92AE}.Debug|Any CPU.Build.0 = Debug|Any CPU
		{322E66AF-1786-4DEE-AFC4-C1D0B61D92AE}.Release|Any CPU.ActiveCfg = Release|Any CPU
		{322E66AF-1786-4DEE-AFC4-C1D0B61D92AE}.Release|Any CPU.Build.0 = Release|Any CPU
	EndGlobalSection
	GlobalSection(SolutionProperties) = preSolution
		HideSolutionNode = FALSE
	EndGlobalSection
	GlobalSection(ExtensibilityGlobals) = postSolution
		SolutionGuid = {CD3D8E2E-4FF7-455C-B80A-A49960DD1E7D}
	EndGlobalSection
EndGlobal
